
Microsoft Visual Studio Solution File, Format Version 12.00
# Visual Studio Version 17
VisualStudioVersion = 17.14.37012.4
MinimumVisualStudioVersion = 10.0.40219.1
Project("{FAE04EC0-301F-11D3-BF4B-00C04F79EFBC}") = "BingWallpaper.Core", "BingWallpaper.Core\BingWallpaper.Core.csproj", "{AA5EEF0B-3636-F474-6721-BC7E8E9880DE}"
EndProject
Project("{FAE04EC0-301F-11D3-BF4B-00C04F79EFBC}") = "BingWallPaperTest", "BingWallpaperMain\BingWallPaperTest.csproj", "{D1B925FA-8917-05C8-A016-E083EDC694C9}"
EndProject
Global
	GlobalSection(SolutionConfigurationPlatforms) = preSolution
		Debug|Any CPU = Debug|Any CPU
		Release|Any CPU = Release|Any CPU
	EndGlobalSection
	GlobalSection(ProjectConfigurationPlatforms) = postSolution
		{AA5EEF0B-3636-F474-6721-BC7E8E9880DE}.Debug|Any CPU.ActiveCfg = Debug|Any CPU
		{AA5EEF0B-3636-F474-6721-BC7E8E9880DE}.Debug|Any CPU.Build.0 = Debug|Any CPU
		{AA5EEF0B-3636-F474-6721-BC7E8E9880DE}.Release|Any CPU.ActiveCfg = Release|Any CPU
		{AA5EEF0B-3636-F474-6721-BC7E8E9880DE}.Release|Any CPU.Build.0 = Release|Any CPU
		{D1B925FA-8917-05C8-A016-E083EDC694C9}.Debug|Any CPU.ActiveCfg = Debug|Any CPU
		{D1B925FA-8917-05C8-A016-E083EDC694C9}.Debug|Any CPU.Build.0 = Debug|Any CPU
		{D1B925FA-8917-05C8-A016-E083EDC694C9}.Release|Any CPU.ActiveCfg = Release|Any CPU
		{D1B925FA-8917-05C8-A016-E083EDC694C9}.Release|Any CPU.Build.0 = Release|Any CPU
	EndGlobalSection
	GlobalSection(SolutionProperties) = preSolution
		HideSolutionNode = FALSE
	EndGlobalSection
	GlobalSection(ExtensibilityGlobals) = postSolution
		SolutionGuid = {FE154C21-3658-449B-B067-4EFEE44105A3}
	EndGlobalSection
EndGlobal
